
Microsoft Visual Studio Solution File, Format Version 12.00
# Visual Studio Version 18
VisualStudioVersion = 18.0.11217.181
MinimumVisualStudioVersion = 10.0.40219.1
Project("{2150E333-8FDC-42A3-9474-1A3956D46DE8}") = "1.Presentation", "1.Presentation", "{C38B03DE-CFA6-4A07-A24B-6C5D2BAB449E}"
EndProject
Project("{2150E333-8FDC-42A3-9474-1A3956D46DE8}") = "2.Application", "2.Application", "{262153EA-9EE4-4E86-AA84-7D3F9EBD2218}"
EndProject
Project("{2150E333-8FDC-42A3-9474-1A3956D46DE8}") = "3.Domain", "3.Domain", "{EA2ACCC9-8D4F-4798-9DFA-DF18E0AFAC63}"
EndProject
Project("{2150E333-8FDC-42A3-9474-1A3956D46DE8}") = "4.Infrastructure", "4.Infrastructure", "{C65E4804-6D92-4F50-9F83-6B85F380E0E6}"
EndProject
Project("{FAE04EC0-301F-11D3-BF4B-00C04F79EFBC}") = "Plant01.Infrastructure.Shared", "src\Plant01.Infrastructure.Shared\Plant01.Infrastructure.Shared.csproj", "{85174878-6F01-471A-A7FF-ADA3739D0408}"
EndProject
Project("{FAE04EC0-301F-11D3-BF4B-00C04F79EFBC}") = "Plant01.Upper.Infrastructure", "src\Plant01.Upper.Infrastructure\Plant01.Upper.Infrastructure.csproj", "{8404DA60-DC38-417B-83D3-6463A04505A1}"
EndProject
Project("{FAE04EC0-301F-11D3-BF4B-00C04F79EFBC}") = "Plant01.WpfUI", "src\Plant01.WpfUI\Plant01.WpfUI.csproj", "{AC3C480A-DF01-4366-9431-1F8436A1EE9B}"
EndProject
Project("{FAE04EC0-301F-11D3-BF4B-00C04F79EFBC}") = "Plant01.Domain.Shared", "src\Plant01.Domain.Shared\Plant01.Domain.Shared.csproj", "{F628BFE3-8C53-4ABD-9B61-CDDFFC1B47A4}"
EndProject
Project("{2150E333-8FDC-42A3-9474-1A3956D46DE8}") = "5. Common", "5. Common", "{7A09CF07-AE0C-4532-AA2F-3B6B3C2DAC78}"
EndProject
Project("{FAE04EC0-301F-11D3-BF4B-00C04F79EFBC}") = "Plant01.Core", "src\Plant01.Core\Plant01.Core.csproj", "{49B02B79-69AB-4379-9482-89AA678571B4}"
EndProject
Project("{FAE04EC0-301F-11D3-BF4B-00C04F79EFBC}") = "Plant01.Upper.Application", "src\Plant01.Upper.Application\Plant01.Upper.Application.csproj", "{407AC541-2CC9-4390-82C3-5F332E57AB12}"
EndProject
Project("{FAE04EC0-301F-11D3-BF4B-00C04F79EFBC}") = "Plant01.Upper.Presentation.Core", "src\Plant01.Upper.Presentation.Core\Plant01.Upper.Presentation.Core.csproj", "{93913A6A-F040-47C4-BFEC-1535D1E45F47}"
EndProject
Project("{FAE04EC0-301F-11D3-BF4B-00C04F79EFBC}") = "Plant01.Upper.Presentation.Bootstrapper", "src\Plant01.Upper.Presentation.Bootstrapper\Plant01.Upper.Presentation.Bootstrapper.csproj", "{F304E641-8BAA-4FE4-904B-45A1378B9473}"
EndProject
Project("{FAE04EC0-301F-11D3-BF4B-00C04F79EFBC}") = "Plant01.Upper.Wpf", "src\Plant01.Upper.Wpf\Plant01.Upper.Wpf.csproj", "{F365ED87-7800-4132-8F1E-6E898EBAABFD}"
EndProject
Project("{2150E333-8FDC-42A3-9474-1A3956D46DE8}") = "Demo", "Demo", "{827E0CD3-B72D-47B6-A68D-7590B98EB39B}"
EndProject
Project("{FAE04EC0-301F-11D3-BF4B-00C04F79EFBC}") = "wpfuidemo", "src\wpfuidemo\wpfuidemo.csproj", "{03E8A917-08C8-4C77-A3AA-DBC9DB631B13}"
EndProject
Project("{FAE04EC0-301F-11D3-BF4B-00C04F79EFBC}") = "Plant01.Upper.Domain", "src\Plant01.Upper.Domain\Plant01.Upper.Domain.csproj", "{9E44619C-2E52-4F66-8A19-8A27D2C25E36}"
EndProject
Project("{FAE04EC0-301F-11D3-BF4B-00C04F79EFBC}") = "Plant01.WpfUI.ViewModel", "src\Plant01.WpfUI.ViewModel\Plant01.WpfUI.ViewModel.csproj", "{36FA9A69-B072-445D-84B1-7C0E069B2224}"
EndProject
Global
	GlobalSection(SolutionConfigurationPlatforms) = preSolution
		Debug|Any CPU = Debug|Any CPU
		Debug|x64 = Debug|x64
		Debug|x86 = Debug|x86
		Release|Any CPU = Release|Any CPU
		Release|x64 = Release|x64
		Release|x86 = Release|x86
	EndGlobalSection
	GlobalSection(ProjectConfigurationPlatforms) = postSolution
		{85174878-6F01-471A-A7FF-ADA3739D0408}.Debug|Any CPU.ActiveCfg = Debug|Any CPU
		{85174878-6F01-471A-A7FF-ADA3739D0408}.Debug|Any CPU.Build.0 = Debug|Any CPU
		{85174878-6F01-471A-A7FF-ADA3739D0408}.Debug|x64.ActiveCfg = Debug|Any CPU
		{85174878-6F01-471A-A7FF-ADA3739D0408}.Debug|x64.Build.0 = Debug|Any CPU
		{85174878-6F01-471A-A7FF-ADA3739D0408}.Debug|x86.ActiveCfg = Debug|Any CPU
		{85174878-6F01-471A-A7FF-ADA3739D0408}.Debug|x86.Build.0 = Debug|Any CPU
		{85174878-6F01-471A-A7FF-ADA3739D0408}.Release|Any CPU.ActiveCfg = Release|Any CPU
		{85174878-6F01-471A-A7FF-ADA3739D0408}.Release|Any CPU.Build.0 = Release|Any CPU
		{85174878-6F01-471A-A7FF-ADA3739D0408}.Release|x64.ActiveCfg = Release|Any CPU
		{85174878-6F01-471A-A7FF-ADA3739D0408}.Release|x64.Build.0 = Release|Any CPU
		{85174878-6F01-471A-A7FF-ADA3739D0408}.Release|x86.ActiveCfg = Release|Any CPU
		{85174878-6F01-471A-A7FF-ADA3739D0408}.Release|x86.Build.0 = Release|Any CPU
		{8404DA60-DC38-417B-83D3-6463A04505A1}.Debug|Any CPU.ActiveCfg = Debug|Any CPU
		{8404DA60-DC38-417B-83D3-6463A04505A1}.Debug|Any CPU.Build.0 = Debug|Any CPU
		{8404DA60-DC38-417B-83D3-6463A04505A1}.Debug|x64.ActiveCfg = Debug|Any CPU
		{8404DA60-DC38-417B-83D3-6463A04505A1}.Debug|x64.Build.0 = Debug|Any CPU
		{8404DA60-DC38-417B-83D3-6463A04505A1}.Debug|x86.ActiveCfg = Debug|Any CPU
		{8404DA60-DC38-417B-83D3-6463A04505A1}.Debug|x86.Build.0 = Debug|Any CPU
		{8404DA60-DC38-417B-83D3-6463A04505A1}.Release|Any CPU.ActiveCfg = Release|Any CPU
		{8404DA60-DC38-417B-83D3-6463A04505A1}.Release|Any CPU.Build.0 = Release|Any CPU
		{8404DA60-DC38-417B-83D3-6463A04505A1}.Release|x64.ActiveCfg = Release|Any CPU
		{8404DA60-DC38-417B-83D3-6463A04505A1}.Release|x64.Build.0 = Release|Any CPU
		{8404DA60-DC38-417B-83D3-6463A04505A1}.Release|x86.ActiveCfg = Release|Any CPU
		{8404DA60-DC38-417B-83D3-6463A04505A1}.Release|x86.Build.0 = Release|Any CPU
		{AC3C480A-DF01-4366-9431-1F8436A1EE9B}.Debug|Any CPU.ActiveCfg = Debug|Any CPU
		{AC3C480A-DF01-4366-9431-1F8436A1EE9B}.Debug|Any CPU.Build.0 = Debug|Any CPU
		{AC3C480A-DF01-4366-9431-1F8436A1EE9B}.Debug|x64.ActiveCfg = Debug|Any CPU
		{AC3C480A-DF01-4366-9431-1F8436A1EE9B}.Debug|x64.Build.0 = Debug|Any CPU
		{AC3C480A-DF01-4366-9431-1F8436A1EE9B}.Debug|x86.ActiveCfg = Debug|Any CPU
		{AC3C480A-DF01-4366-9431-1F8436A1EE9B}.Debug|x86.Build.0 = Debug|Any CPU
		{AC3C480A-DF01-4366-9431-1F8436A1EE9B}.Release|Any CPU.ActiveCfg = Release|Any CPU
		{AC3C480A-DF01-4366-9431-1F8436A1EE9B}.Release|Any CPU.Build.0 = Release|Any CPU
		{AC3C480A-DF01-4366-9431-1F8436A1EE9B}.Release|x64.ActiveCfg = Release|Any CPU
		{AC3C480A-DF01-4366-9431-1F8436A1EE9B}.Release|x64.Build.0 = Release|Any CPU
		{AC3C480A-DF01-4366-9431-1F8436A1EE9B}.Release|x86.ActiveCfg = Release|Any CPU
		{AC3C480A-DF01-4366-9431-1F8436A1EE9B}.Release|x86.Build.0 = Release|Any CPU
		{F628BFE3-8C53-4ABD-9B61-CDDFFC1B47A4}.Debug|Any CPU.ActiveCfg = Debug|Any CPU
		{F628BFE3-8C53-4ABD-9B61-CDDFFC1B47A4}.Debug|Any CPU.Build.0 = Debug|Any CPU
		{F628BFE3-8C53-4ABD-9B61-CDDFFC1B47A4}.Debug|x64.ActiveCfg = Debug|Any CPU
		{F628BFE3-8C53-4ABD-9B61-CDDFFC1B47A4}.Debug|x64.Build.0 = Debug|Any CPU
		{F628BFE3-8C53-4ABD-9B61-CDDFFC1B47A4}.Debug|x86.ActiveCfg = Debug|Any CPU
		{F628BFE3-8C53-4ABD-9B61-CDDFFC1B47A4}.Debug|x86.Build.0 = Debug|Any CPU
		{F628BFE3-8C53-4ABD-9B61-CDDFFC1B47A4}.Release|Any CPU.ActiveCfg = Release|Any CPU
		{F628BFE3-8C53-4ABD-9B61-CDDFFC1B47A4}.Release|Any CPU.Build.0 = Release|Any CPU
		{F628BFE3-8C53-4ABD-9B61-CDDFFC1B47A4}.Release|x64.ActiveCfg = Release|Any CPU
		{F628BFE3-8C53-4ABD-9B61-CDDFFC1B47A4}.Release|x64.Build.0 = Release|Any CPU
		{F628BFE3-8C53-4ABD-9B61-CDDFFC1B47A4}.Release|x86.ActiveCfg = Release|Any CPU
		{F628BFE3-8C53-4ABD-9B61-CDDFFC1B47A4}.Release|x86.Build.0 = Release|Any CPU
		{49B02B79-69AB-4379-9482-89AA678571B4}.Debug|Any CPU.ActiveCfg = Debug|Any CPU
		{49B02B79-69AB-4379-9482-89AA678571B4}.Debug|Any CPU.Build.0 = Debug|Any CPU
		{49B02B79-69AB-4379-9482-89AA678571B4}.Debug|x64.ActiveCfg = Debug|Any CPU
		{49B02B79-69AB-4379-9482-89AA678571B4}.Debug|x64.Build.0 = Debug|Any CPU
		{49B02B79-69AB-4379-9482-89AA678571B4}.Debug|x86.ActiveCfg = Debug|Any CPU
		{49B02B79-69AB-4379-9482-89AA678571B4}.Debug|x86.Build.0 = Debug|Any CPU
		{49B02B79-69AB-4379-9482-89AA678571B4}.Release|Any CPU.ActiveCfg = Release|Any CPU
		{49B02B79-69AB-4379-9482-89AA678571B4}.Release|Any CPU.Build.0 = Release|Any CPU
		{49B02B79-69AB-4379-9482-89AA678571B4}.Release|x64.ActiveCfg = Release|Any CPU
		{49B02B79-69AB-4379-9482-89AA678571B4}.Release|x64.Build.0 = Release|Any CPU
		{49B02B79-69AB-4379-9482-89AA678571B4}.Release|x86.ActiveCfg = Release|Any CPU
		{49B02B79-69AB-4379-9482-89AA678571B4}.Release|x86.Build.0 = Release|Any CPU
		{407AC541-2CC9-4390-82C3-5F332E57AB12}.Debug|Any CPU.ActiveCfg = Debug|Any CPU
		{407AC541-2CC9-4390-82C3-5F332E57AB12}.Debug|Any CPU.Build.0 = Debug|Any CPU
		{407AC541-2CC9-4390-82C3-5F332E57AB12}.Debug|x64.ActiveCfg = Debug|Any CPU
		{407AC541-2CC9-4390-82C3-5F332E57AB12}.Debug|x64.Build.0 = Debug|Any CPU
		{407AC541-2CC9-4390-82C3-5F332E57AB12}.Debug|x86.ActiveCfg = Debug|Any CPU
		{407AC541-2CC9-4390-82C3-5F332E57AB12}.Debug|x86.Build.0 = Debug|Any CPU
		{407AC541-2CC9-4390-82C3-5F332E57AB12}.Release|Any CPU.ActiveCfg = Release|Any CPU
		{407AC541-2CC9-4390-82C3-5F332E57AB12}.Release|Any CPU.Build.0 = Release|Any CPU
		{407AC541-2CC9-4390-82C3-5F332E57AB12}.Release|x64.ActiveCfg = Release|Any CPU
		{407AC541-2CC9-4390-82C3-5F332E57AB12}.Release|x64.Build.0 = Release|Any CPU
		{407AC541-2CC9-4390-82C3-5F332E57AB12}.Release|x86.ActiveCfg = Release|Any CPU
		{407AC541-2CC9-4390-82C3-5F332E57AB12}.Release|x86.Build.0 = Release|Any CPU
		{93913A6A-F040-47C4-BFEC-1535D1E45F47}.Debug|Any CPU.ActiveCfg = Debug|Any CPU
		{93913A6A-F040-47C4-BFEC-1535D1E45F47}.Debug|Any CPU.Build.0 = Debug|Any CPU
		{93913A6A-F040-47C4-BFEC-1535D1E45F47}.Debug|x64.ActiveCfg = Debug|Any CPU
		{93913A6A-F040-47C4-BFEC-1535D1E45F47}.Debug|x64.Build.0 = Debug|Any CPU
		{93913A6A-F040-47C4-BFEC-1535D1E45F47}.Debug|x86.ActiveCfg = Debug|Any CPU
		{93913A6A-F040-47C4-BFEC-1535D1E45F47}.Debug|x86.Build.0 = Debug|Any CPU
		{93913A6A-F040-47C4-BFEC-1535D1E45F47}.Release|Any CPU.ActiveCfg = Release|Any CPU
		{93913A6A-F040-47C4-BFEC-1535D1E45F47}.Release|Any CPU.Build.0 = Release|Any CPU
		{93913A6A-F040-47C4-BFEC-1535D1E45F47}.Release|x64.ActiveCfg = Release|Any CPU
		{93913A6A-F040-47C4-BFEC-1535D1E45F47}.Release|x64.Build.0 = Release|Any CPU
		{93913A6A-F040-47C4-BFEC-1535D1E45F47}.Release|x86.ActiveCfg = Release|Any CPU
		{93913A6A-F040-47C4-BFEC-1535D1E45F47}.Release|x86.Build.0 = Release|Any CPU
		{F304E641-8BAA-4FE4-904B-45A1378B9473}.Debug|Any CPU.ActiveCfg = Debug|Any CPU
		{F304E641-8BAA-4FE4-904B-45A1378B9473}.Debug|Any CPU.Build.0 = Debug|Any CPU
		{F304E641-8BAA-4FE4-904B-45A1378B9473}.Debug|x64.ActiveCfg = Debug|Any CPU
		{F304E641-8BAA-4FE4-904B-45A1378B9473}.Debug|x64.Build.0 = Debug|Any CPU
		{F304E641-8BAA-4FE4-904B-45A1378B9473}.Debug|x86.ActiveCfg = Debug|Any CPU
		{F304E641-8BAA-4FE4-904B-45A1378B9473}.Debug|x86.Build.0 = Debug|Any CPU
		{F304E641-8BAA-4FE4-904B-45A1378B9473}.Release|Any CPU.ActiveCfg = Release|Any CPU
		{F304E641-8BAA-4FE4-904B-45A1378B9473}.Release|Any CPU.Build.0 = Release|Any CPU
		{F304E641-8BAA-4FE4-904B-45A1378B9473}.Release|x64.ActiveCfg = Release|Any CPU
		{F304E641-8BAA-4FE4-904B-45A1378B9473}.Release|x64.Build.0 = Release|Any CPU
		{F304E641-8BAA-4FE4-904B-45A1378B9473}.Release|x86.ActiveCfg = Release|Any CPU
		{F304E641-8BAA-4FE4-904B-45A1378B9473}.Release|x86.Build.0 = Release|Any CPU
		{F365ED87-7800-4132-8F1E-6E898EBAABFD}.Debug|Any CPU.ActiveCfg = Debug|Any CPU
		{F365ED87-7800-4132-8F1E-6E898EBAABFD}.Debug|Any CPU.Build.0 = Debug|Any CPU
		{F365ED87-7800-4132-8F1E-6E898EBAABFD}.Debug|x64.ActiveCfg = Debug|Any CPU
		{F365ED87-7800-4132-8F1E-6E898EBAABFD}.Debug|x64.Build.0 = Debug|Any CPU
		{F365ED87-7800-4132-8F1E-6E898EBAABFD}.Debug|x86.ActiveCfg = Debug|Any CPU
		{F365ED87-7800-4132-8F1E-6E898EBAABFD}.Debug|x86.Build.0 = Debug|Any CPU
		{F365ED87-7800-4132-8F1E-6E898EBAABFD}.Release|Any CPU.ActiveCfg = Release|Any CPU
		{F365ED87-7800-4132-8F1E-6E898EBAABFD}.Release|Any CPU.Build.0 = Release|Any CPU
		{F365ED87-7800-4132-8F1E-6E898EBAABFD}.Release|x64.ActiveCfg = Release|Any CPU
		{F365ED87-7800-4132-8F1E-6E898EBAABFD}.Release|x64.Build.0 = Release|Any CPU
		{F365ED87-7800-4132-8F1E-6E898EBAABFD}.Release|x86.ActiveCfg = Release|Any CPU
		{F365ED87-7800-4132-8F1E-6E898EBAABFD}.Release|x86.Build.0 = Release|Any CPU
		{03E8A917-08C8-4C77-A3AA-DBC9DB631B13}.Debug|Any CPU.ActiveCfg = Debug|Any CPU
		{03E8A917-08C8-4C77-A3AA-DBC9DB631B13}.Debug|Any CPU.Build.0 = Debug|Any CPU
		{03E8A917-08C8-4C77-A3AA-DBC9DB631B13}.Debug|x64.ActiveCfg = Debug|Any CPU
		{03E8A917-08C8-4C77-A3AA-DBC9DB631B13}.Debug|x64.Build.0 = Debug|Any CPU
		{03E8A917-08C8-4C77-A3AA-DBC9DB631B13}.Debug|x86.ActiveCfg = Debug|Any CPU
		{03E8A917-08C8-4C77-A3AA-DBC9DB631B13}.Debug|x86.Build.0 = Debug|Any CPU
		{03E8A917-08C8-4C77-A3AA-DBC9DB631B13}.Release|Any CPU.ActiveCfg = Release|Any CPU
		{03E8A917-08C8-4C77-A3AA-DBC9DB631B13}.Release|Any CPU.Build.0 = Release|Any CPU
		{03E8A917-08C8-4C77-A3AA-DBC9DB631B13}.Release|x64.ActiveCfg = Release|Any CPU
		{03E8A917-08C8-4C77-A3AA-DBC9DB631B13}.Release|x64.Build.0 = Release|Any CPU
		{03E8A917-08C8-4C77-A3AA-DBC9DB631B13}.Release|x86.ActiveCfg = Release|Any CPU
		{03E8A917-08C8-4C77-A3AA-DBC9DB631B13}.Release|x86.Build.0 = Release|Any CPU
		{9E44619C-2E52-4F66-8A19-8A27D2C25E36}.Debug|Any CPU.ActiveCfg = Debug|Any CPU
		{9E44619C-2E52-4F66-8A19-8A27D2C25E36}.Debug|Any CPU.Build.0 = Debug|Any CPU
		{9E44619C-2E52-4F66-8A19-8A27D2C25E36}.Debug|x64.ActiveCfg = Debug|Any CPU
		{9E44619C-2E52-4F66-8A19-8A27D2C25E36}.Debug|x64.Build.0 = Debug|Any CPU
		{9E44619C-2E52-4F66-8A19-8A27D2C25E36}.Debug|x86.ActiveCfg = Debug|Any CPU
		{9E44619C-2E52-4F66-8A19-8A27D2C25E36}.Debug|x86.Build.0 = Debug|Any CPU
		{9E44619C-2E52-4F66-8A19-8A27D2C25E36}.Release|Any CPU.ActiveCfg = Release|Any CPU
		{9E44619C-2E52-4F66-8A19-8A27D2C25E36}.Release|Any CPU.Build.0 = Release|Any CPU
		{9E44619C-2E52-4F66-8A19-8A27D2C25E36}.Release|x64.ActiveCfg = Release|Any CPU
		{9E44619C-2E52-4F66-8A19-8A27D2C25E36}.Release|x64.Build.0 = Release|Any CPU
		{9E44619C-2E52-4F66-8A19-8A27D2C25E36}.Release|x86.ActiveCfg = Release|Any CPU
		{9E44619C-2E52-4F66-8A19-8A27D2C25E36}.Release|x86.Build.0 = Release|Any CPU
		{36FA9A69-B072-445D-84B1-7C0E069B2224}.Debug|Any CPU.ActiveCfg = Debug|Any CPU
		{36FA9A69-B072-445D-84B1-7C0E069B2224}.Debug|Any CPU.Build.0 = Debug|Any CPU
		{36FA9A69-B072-445D-84B1-7C0E069B2224}.Debug|x64.ActiveCfg = Debug|Any CPU
		{36FA9A69-B072-445D-84B1-7C0E069B2224}.Debug|x64.Build.0 = Debug|Any CPU
		{36FA9A69-B072-445D-84B1-7C0E069B2224}.Debug|x86.ActiveCfg = Debug|Any CPU
		{36FA9A69-B072-445D-84B1-7C0E069B2224}.Debug|x86.Build.0 = Debug|Any CPU
		{36FA9A69-B072-445D-84B1-7C0E069B2224}.Release|Any CPU.ActiveCfg = Release|Any CPU
		{36FA9A69-B072-445D-84B1-7C0E069B2224}.Release|Any CPU.Build.0 = Release|Any CPU
		{36FA9A69-B072-445D-84B1-7C0E069B2224}.Release|x64.ActiveCfg = Release|Any CPU
		{36FA9A69-B072-445D-84B1-7C0E069B2224}.Release|x64.Build.0 = Release|Any CPU
		{36FA9A69-B072-445D-84B1-7C0E069B2224}.Release|x86.ActiveCfg = Release|Any CPU
		{36FA9A69-B072-445D-84B1-7C0E069B2224}.Release|x86.Build.0 = Release|Any CPU
	EndGlobalSection
	GlobalSection(SolutionProperties) = preSolution
		HideSolutionNode = FALSE
	EndGlobalSection
	GlobalSection(NestedProjects) = preSolution
		{85174878-6F01-471A-A7FF-ADA3739D0408} = {C65E4804-6D92-4F50-9F83-6B85F380E0E6}
		{8404DA60-DC38-417B-83D3-6463A04505A1} = {C65E4804-6D92-4F50-9F83-6B85F380E0E6}
		{AC3C480A-DF01-4366-9431-1F8436A1EE9B} = {C38B03DE-CFA6-4A07-A24B-6C5D2BAB449E}
		{F628BFE3-8C53-4ABD-9B61-CDDFFC1B47A4} = {EA2ACCC9-8D4F-4798-9DFA-DF18E0AFAC63}
		{49B02B79-69AB-4379-9482-89AA678571B4} = {7A09CF07-AE0C-4532-AA2F-3B6B3C2DAC78}
		{407AC541-2CC9-4390-82C3-5F332E57AB12} = {262153EA-9EE4-4E86-AA84-7D3F9EBD2218}
		{93913A6A-F040-47C4-BFEC-1535D1E45F47} = {C38B03DE-CFA6-4A07-A24B-6C5D2BAB449E}
		{F304E641-8BAA-4FE4-904B-45A1378B9473} = {C38B03DE-CFA6-4A07-A24B-6C5D2BAB449E}
		{F365ED87-7800-4132-8F1E-6E898EBAABFD} = {C38B03DE-CFA6-4A07-A24B-6C5D2BAB449E}
		{03E8A917-08C8-4C77-A3AA-DBC9DB631B13} = {827E0CD3-B72D-47B6-A68D-7590B98EB39B}
		{9E44619C-2E52-4F66-8A19-8A27D2C25E36} = {EA2ACCC9-8D4F-4798-9DFA-DF18E0AFAC63}
		{36FA9A69-B072-445D-84B1-7C0E069B2224} = {C38B03DE-CFA6-4A07-A24B-6C5D2BAB449E}
	EndGlobalSection
	GlobalSection(ExtensibilityGlobals) = postSolution
		SolutionGuid = {791C1CDB-1AF2-4CD2-BDE0-044CCFB8F122}
	EndGlobalSection
EndGlobal
